{
  "name": "InsuMinder",
  "lockfileVersion": 3,
  "requires": true,
  "packages": {
    "": {
      "dependencies": {
        "moment-timezone": "^0.6.5"
      }
    },
    "node_modules/moment": {
      "version": "2.31.0",
      "resolved": "https://registry.npmjs.org/moment/-/moment-2.31.0.tgz",
      "integrity": "sha512-0acOTfMiWOheYS4eoWb80yYMb/JLvVv9SHbs2PehaDzfUG0Bw855SKyk0IKTnPGa5+U2bmi3W68l1+sGLX/pvw==",
      "license": "MIT",
      "engines": {
        "node": "*"
      }
    },
    "node_modules/moment-timezone": {
      "version": "0.6.5",
      "resolved": "https://registry.npmjs.org/moment-timezone/-/moment-timezone-0.6.5.tgz",
      "integrity": "sha512-KKzZAxGv2Qx4cnk6eSlvf4C+DLFW52vmMY5MN7UARY7GONbozkutylQG3DrrtmLCTXdQ5XZrqao9cI16bLFzXA==",
      "license": "MIT",
      "dependencies": {
        "moment": "^2.29.4"
      },
      "engines": {
        "node": "*"
      }
    }
  }
}
